
Microsoft Visual Studio Solution File, Format Version 12.00
# Visual Studio Version 16
VisualStudioVersion = 16.0.31005.135
MinimumVisualStudioVersion = 10.0.40219.1
Project("{FAE04EC0-301F-11D3-BF4B-00C04F79EFBC}") = "G6E4", "G6E4\G6E4.csproj", "{DF38E0AE-D242-4DFD-8285-00FCDB50A769}"
EndProject
Global
	GlobalSection(SolutionConfigurationPlatforms) = preSolution
		Debug|Any CPU = Debug|Any CPU
		Release|Any CPU = Release|Any CPU
	EndGlobalSection
	GlobalSection(ProjectConfigurationPlatforms) = postSolution
		{DF38E0AE-D242-4DFD-8285-00FCDB50A769}.Debug|Any CPU.ActiveCfg = Debug|Any CPU
		{DF38E0AE-D242-4DFD-8285-00FCDB50A769}.Debug|Any CPU.Build.0 = Debug|Any CPU
		{DF38E0AE-D242-4DFD-8285-00FCDB50A769}.Release|Any CPU.ActiveCfg = Release|Any CPU
		{DF38E0AE-D242-4DFD-8285-00FCDB50A769}.Release|Any CPU.Build.0 = Release|Any CPU
	EndGlobalSection
	GlobalSection(SolutionProperties) = preSolution
		HideSolutionNode = FALSE
	EndGlobalSection
	GlobalSection(ExtensibilityGlobals) = postSolution
		SolutionGuid = {353C1647-FFEA-4EEE-AE03-2CC170675016}
	EndGlobalSection
EndGlobal
